{
  "name": "validation-kit",
  "version": "0.0.3",
  "lockfileVersion": 1,
  "requires": true,
  "dependencies": {
    "@types/chai": {
      "version": "4.2.15",
      "resolved": "https://registry.npmjs.org/@types/chai/-/chai-4.2.15.tgz",
      "integrity": "sha512-rYff6FI+ZTKAPkJUoyz7Udq3GaoDZnxYDEvdEdFZASiA7PoErltHezDishqQiSDWrGxvxmplH304jyzQmjp0AQ=="
    },
    "@types/lodash": {
      "version": "4.14.168",
      "resolved": "https://registry.npmjs.org/@types/lodash/-/lodash-4.14.168.tgz",
      "integrity": "sha512-oVfRvqHV/V6D1yifJbVRU3TMp8OT6o6BG+U9MkwuJ3U8/CsDHvalRpsxBqivn71ztOFZBTfJMvETbqHiaNSj7Q=="
    },
    "@types/mocha": {
      "version": "8.2.1",
      "resolved": "https://registry.npmjs.org/@types/mocha/-/mocha-8.2.1.tgz",
      "integrity": "sha512-NysN+bNqj6E0Hv4CTGWSlPzMW6vTKjDpOteycDkV4IWBsO+PU48JonrPzV9ODjiI2XrjmA05KInLgF5ivZ/YGQ=="
    },
    "esm": {
      "version": "3.2.25",
      "resolved": "https://registry.npmjs.org/esm/-/esm-3.2.25.tgz",
      "integrity": "sha512-U1suiZ2oDVWv4zPO56S0NcR5QriEahGtdN2OR6FiOG4WJvcjBVFB0qI4+eKoWFH483PKGuLuu6V8Z4T5g63UVA=="
    },
    "lodash": {
      "version": "4.17.21",
      "resolved": "https://registry.npmjs.org/lodash/-/lodash-4.17.21.tgz",
      "integrity": "sha512-v2kDEe57lecTulaDIuNTPy3Ry4gLGJ6Z1O3vE1krgXZNrsQ+LFTGHVxVjcXPs17LhbZVGedAJv8XZ1tvj5FvSg=="
    },
    "log-control": {
      "version": "0.0.2",
      "resolved": "https://registry.npmjs.org/log-control/-/log-control-0.0.2.tgz",
      "integrity": "sha512-UhmvAa75I8Ss3Y28lzjmyPyyGII+JHCJbcUKRMBM1iTa9hZXbzzxlMQQ7TUXCw5MmytY6pmv+fAlk5M3OaMMMg==",
      "requires": {
        "@types/chai": "^4.2.15",
        "@types/lodash": "^4.14.168",
        "@types/mocha": "^8.2.1",
        "esm": "^3.2.25",
        "lodash": "^4.17.21"
      }
    }
  }
}
